
Microsoft Visual Studio Solution File, Format Version 12.00
# Visual Studio Version 17
VisualStudioVersion = 17.7.34031.279
MinimumVisualStudioVersion = 10.0.40219.1
Project("{FAE04EC0-301F-11D3-BF4B-00C04F79EFBC}") = "ScienteficThesis", "ScienteficThesis\ScienteficThesis.csproj", "{3B2A5051-A7A4-4C02-AADC-CB43BD55A940}"
EndProject
Global
	GlobalSection(SolutionConfigurationPlatforms) = preSolution
		Debug|Any CPU = Debug|Any CPU
		Release|Any CPU = Release|Any CPU
	EndGlobalSection
	GlobalSection(ProjectConfigurationPlatforms) = postSolution
		{3B2A5051-A7A4-4C02-AADC-CB43BD55A940}.Debug|Any CPU.ActiveCfg = Debug|Any CPU
		{3B2A5051-A7A4-4C02-AADC-CB43BD55A940}.Debug|Any CPU.Build.0 = Debug|Any CPU
		{3B2A5051-A7A4-4C02-AADC-CB43BD55A940}.Release|Any CPU.ActiveCfg = Release|Any CPU
		{3B2A5051-A7A4-4C02-AADC-CB43BD55A940}.Release|Any CPU.Build.0 = Release|Any CPU
	EndGlobalSection
	GlobalSection(SolutionProperties) = preSolution
		HideSolutionNode = FALSE
	EndGlobalSection
	GlobalSection(ExtensibilityGlobals) = postSolution
		SolutionGuid = {960F4982-87A2-4B77-ACEB-778A46537520}
	EndGlobalSection
EndGlobal
